
Microsoft Visual Studio Solution File, Format Version 12.00
# Visual Studio Version 16
VisualStudioVersion = 16.0.29123.88
MinimumVisualStudioVersion = 10.0.40219.1
Project("{FAE04EC0-301F-11D3-BF4B-00C04F79EFBC}") = "WingspanPrototype1.UWP", "WingspanPrototype1\WingspanPrototype1.UWP\WingspanPrototype1.UWP.csproj", "{35621B38-1B23-4A7D-9F1D-A7C47DED182E}"
EndProject
Project("{FAE04EC0-301F-11D3-BF4B-00C04F79EFBC}") = "WingspanPrototype1.Android", "WingspanPrototype1\WingspanPrototype1.Android\WingspanPrototype1.Android.csproj", "{7285CD1E-2591-4D4C-A7FA-2501DE496E56}"
EndProject
Project("{FAE04EC0-301F-11D3-BF4B-00C04F79EFBC}") = "WingspanPrototype1.iOS", "WingspanPrototype1\WingspanPrototype1.iOS\WingspanPrototype1.iOS.csproj", "{11A29E9D-C416-4FFB-9D89-7FBC70F8CE28}"
EndProject
Project("{FAE04EC0-301F-11D3-BF4B-00C04F79EFBC}") = "WingspanPrototype1", "WingspanPrototype1\WingspanPrototype1\WingspanPrototype1.csproj", "{366D619A-8C1E-46FB-A126-FA4E881DDF97}"
EndProject
Global
	GlobalSection(SolutionConfigurationPlatforms) = preSolution
		Debug|Any CPU = Debug|Any CPU
		Debug|ARM = Debug|ARM
		Debug|iPhone = Debug|iPhone
		Debug|iPhoneSimulator = Debug|iPhoneSimulator
		Debug|x64 = Debug|x64
		Debug|x86 = Debug|x86
		Release|Any CPU = Release|Any CPU
		Release|ARM = Release|ARM
		Release|iPhone = Release|iPhone
		Release|iPhoneSimulator = Release|iPhoneSimulator
		Release|x64 = Release|x64
		Release|x86 = Release|x86
	EndGlobalSection
	GlobalSection(ProjectConfigurationPlatforms) = postSolution
		{35621B38-1B23-4A7D-9F1D-A7C47DED182E}.Debug|Any CPU.ActiveCfg = Debug|x86
		{35621B38-1B23-4A7D-9F1D-A7C47DED182E}.Debug|Any CPU.Build.0 = Debug|x86
		{35621B38-1B23-4A7D-9F1D-A7C47DED182E}.Debug|Any CPU.Deploy.0 = Debug|x86
		{35621B38-1B23-4A7D-9F1D-A7C47DED182E}.Debug|ARM.ActiveCfg = Debug|ARM
		{35621B38-1B23-4A7D-9F1D-A7C47DED182E}.Debug|ARM.Build.0 = Debug|ARM
		{35621B38-1B23-4A7D-9F1D-A7C47DED182E}.Debug|ARM.Deploy.0 = Debug|ARM
		{35621B38-1B23-4A7D-9F1D-A7C47DED182E}.Debug|iPhone.ActiveCfg = Debug|x86
		{35621B38-1B23-4A7D-9F1D-A7C47DED182E}.Debug|iPhone.Build.0 = Debug|x86
		{35621B38-1B23-4A7D-9F1D-A7C47DED182E}.Debug|iPhone.Deploy.0 = Debug|x86
		{35621B38-1B23-4A7D-9F1D-A7C47DED182E}.Debug|iPhoneSimulator.ActiveCfg = Debug|x86
		{35621B38-1B23-4A7D-9F1D-A7C47DED182E}.Debug|iPhoneSimulator.Build.0 = Debug|x86
		{35621B38-1B23-4A7D-9F1D-A7C47DED182E}.Debug|iPhoneSimulator.Deploy.0 = Debug|x86
		{35621B38-1B23-4A7D-9F1D-A7C47DED182E}.Debug|x64.ActiveCfg = Debug|x64
		{35621B38-1B23-4A7D-9F1D-A7C47DED182E}.Debug|x64.Build.0 = Debug|x64
		{35621B38-1B23-4A7D-9F1D-A7C47DED182E}.Debug|x64.Deploy.0 = Debug|x64
		{35621B38-1B23-4A7D-9F1D-A7C47DED182E}.Debug|x86.ActiveCfg = Debug|x86
		{35621B38-1B23-4A7D-9F1D-A7C47DED182E}.Debug|x86.Build.0 = Debug|x86
		{35621B38-1B23-4A7D-9F1D-A7C47DED182E}.Debug|x86.Deploy.0 = Debug|x86
		{35621B38-1B23-4A7D-9F1D-A7C47DED182E}.Release|Any CPU.ActiveCfg = Release|x86
		{35621B38-1B23-4A7D-9F1D-A7C47DED182E}.Release|Any CPU.Build.0 = Release|x86
		{35621B38-1B23-4A7D-9F1D-A7C47DED182E}.Release|Any CPU.Deploy.0 = Release|x86
		{35621B38-1B23-4A7D-9F1D-A7C47DED182E}.Release|ARM.ActiveCfg = Release|ARM
		{35621B38-1B23-4A7D-9F1D-A7C47DED182E}.Release|ARM.Build.0 = Release|ARM
		{35621B38-1B23-4A7D-9F1D-A7C47DED182E}.Release|ARM.Deploy.0 = Release|ARM
		{35621B38-1B23-4A7D-9F1D-A7C47DED182E}.Release|iPhone.ActiveCfg = Release|x86
		{35621B38-1B23-4A7D-9F1D-A7C47DED182E}.Release|iPhone.Build.0 = Release|x86
		{35621B38-1B23-4A7D-9F1D-A7C47DED182E}.Release|iPhone.Deploy.0 = Release|x86
		{35621B38-1B23-4A7D-9F1D-A7C47DED182E}.Release|iPhoneSimulator.ActiveCfg = Release|x86
		{35621B38-1B23-4A7D-9F1D-A7C47DED182E}.Release|iPhoneSimulator.Build.0 = Release|x86
		{35621B38-1B23-4A7D-9F1D-A7C47DED182E}.Release|iPhoneSimulator.Deploy.0 = Release|x86
		{35621B38-1B23-4A7D-9F1D-A7C47DED182E}.Release|x64.ActiveCfg = Release|x64
		{35621B38-1B23-4A7D-9F1D-A7C47DED182E}.Release|x64.Build.0 = Release|x64
		{35621B38-1B23-4A7D-9F1D-A7C47DED182E}.Release|x64.Deploy.0 = Release|x64
		{35621B38-1B23-4A7D-9F1D-A7C47DED182E}.Release|x86.ActiveCfg = Release|x86
		{35621B38-1B23-4A7D-9F1D-A7C47DED182E}.Release|x86.Build.0 = Release|x86
		{35621B38-1B23-4A7D-9F1D-A7C47DED182E}.Release|x86.Deploy.0 = Release|x86
		{7285CD1E-2591-4D4C-A7FA-2501DE496E56}.Debug|Any CPU.ActiveCfg = Debug|Any CPU
		{7285CD1E-2591-4D4C-A7FA-2501DE496E56}.Debug|Any CPU.Build.0 = Debug|Any CPU
		{7285CD1E-2591-4D4C-A7FA-2501DE496E56}.Debug|Any CPU.Deploy.0 = Debug|Any CPU
		{7285CD1E-2591-4D4C-A7FA-2501DE496E56}.Debug|ARM.ActiveCfg = Debug|Any CPU
		{7285CD1E-2591-4D4C-A7FA-2501DE496E56}.Debug|ARM.Build.0 = Debug|Any CPU
		{7285CD1E-2591-4D4C-A7FA-2501DE496E56}.Debug|ARM.Deploy.0 = Debug|Any CPU
		{7285CD1E-2591-4D4C-A7FA-2501DE496E56}.Debug|iPhone.ActiveCfg = Debug|Any CPU
		{7285CD1E-2591-4D4C-A7FA-2501DE496E56}.Debug|iPhone.Build.0 = Debug|Any CPU
		{7285CD1E-2591-4D4C-A7FA-2501DE496E56}.Debug|iPhone.Deploy.0 = Debug|Any CPU
		{7285CD1E-2591-4D4C-A7FA-2501DE496E56}.Debug|iPhoneSimulator.ActiveCfg = Debug|Any CPU
		{7285CD1E-2591-4D4C-A7FA-2501DE496E56}.Debug|iPhoneSimulator.Build.0 = Debug|Any CPU
		{7285CD1E-2591-4D4C-A7FA-2501DE496E56}.Debug|iPhoneSimulator.Deploy.0 = Debug|Any CPU
		{7285CD1E-2591-4D4C-A7FA-2501DE496E56}.Debug|x64.ActiveCfg = Debug|Any CPU
		{7285CD1E-2591-4D4C-A7FA-2501DE496E56}.Debug|x64.Build.0 = Debug|Any CPU
		{7285CD1E-2591-4D4C-A7FA-2501DE496E56}.Debug|x64.Deploy.0 = Debug|Any CPU
		{7285CD1E-2591-4D4C-A7FA-2501DE496E56}.Debug|x86.ActiveCfg = Debug|Any CPU
		{7285CD1E-2591-4D4C-A7FA-2501DE496E56}.Debug|x86.Build.0 = Debug|Any CPU
		{7285CD1E-2591-4D4C-A7FA-2501DE496E56}.Debug|x86.Deploy.0 = Debug|Any CPU
		{7285CD1E-2591-4D4C-A7FA-2501DE496E56}.Release|Any CPU.ActiveCfg = Release|Any CPU
		{7285CD1E-2591-4D4C-A7FA-2501DE496E56}.Release|Any CPU.Build.0 = Release|Any CPU
		{7285CD1E-2591-4D4C-A7FA-2501DE496E56}.Release|Any CPU.Deploy.0 = Release|Any CPU
		{7285CD1E-2591-4D4C-A7FA-2501DE496E56}.Release|ARM.ActiveCfg = Release|Any CPU
		{7285CD1E-2591-4D4C-A7FA-2501DE496E56}.Release|ARM.Build.0 = Release|Any CPU
		{7285CD1E-2591-4D4C-A7FA-2501DE496E56}.Release|ARM.Deploy.0 = Release|Any CPU
		{7285CD1E-2591-4D4C-A7FA-2501DE496E56}.Release|iPhone.ActiveCfg = Release|Any CPU
		{7285CD1E-2591-4D4C-A7FA-2501DE496E56}.Release|iPhone.Build.0 = Release|Any CPU
		{7285CD1E-2591-4D4C-A7FA-2501DE496E56}.Release|iPhone.Deploy.0 = Release|Any CPU
		{7285CD1E-2591-4D4C-A7FA-2501DE496E56}.Release|iPhoneSimulator.ActiveCfg = Release|Any CPU
		{7285CD1E-2591-4D4C-A7FA-2501DE496E56}.Release|iPhoneSimulator.Build.0 = Release|Any CPU
		{7285CD1E-2591-4D4C-A7FA-2501DE496E56}.Release|iPhoneSimulator.Deploy.0 = Release|Any CPU
		{7285CD1E-2591-4D4C-A7FA-2501DE496E56}.Release|x64.ActiveCfg = Release|Any CPU
		{7285CD1E-2591-4D4C-A7FA-2501DE496E56}.Release|x64.Build.0 = Release|Any CPU
		{7285CD1E-2591-4D4C-A7FA-2501DE496E56}.Release|x64.Deploy.0 = Release|Any CPU
		{7285CD1E-2591-4D4C-A7FA-2501DE496E56}.Release|x86.ActiveCfg = Release|Any CPU
		{7285CD1E-2591-4D4C-A7FA-2501DE496E56}.Release|x86.Build.0 = Release|Any CPU
		{7285CD1E-2591-4D4C-A7FA-2501DE496E56}.Release|x86.Deploy.0 = Release|Any CPU
		{11A29E9D-C416-4FFB-9D89-7FBC70F8CE28}.Debug|Any CPU.ActiveCfg = Debug|iPhone
		{11A29E9D-C416-4FFB-9D89-7FBC70F8CE28}.Debug|Any CPU.Build.0 = Debug|iPhone
		{11A29E9D-C416-4FFB-9D89-7FBC70F8CE28}.Debug|Any CPU.Deploy.0 = Debug|iPhone
		{11A29E9D-C416-4FFB-9D89-7FBC70F8CE28}.Debug|ARM.ActiveCfg = Debug|iPhoneSimulator
		{11A29E9D-C416-4FFB-9D89-7FBC70F8CE28}.Debug|ARM.Build.0 = Debug|iPhoneSimulator
		{11A29E9D-C416-4FFB-9D89-7FBC70F8CE28}.Debug|ARM.Deploy.0 = Debug|iPhoneSimulator
		{11A29E9D-C416-4FFB-9D89-7FBC70F8CE28}.Debug|iPhone.ActiveCfg = Debug|iPhone
		{11A29E9D-C416-4FFB-9D89-7FBC70F8CE28}.Debug|iPhone.Build.0 = Debug|iPhone
		{11A29E9D-C416-4FFB-9D89-7FBC70F8CE28}.Debug|iPhone.Deploy.0 = Debug|iPhone
		{11A29E9D-C416-4FFB-9D89-7FBC70F8CE28}.Debug|iPhoneSimulator.ActiveCfg = Debug|iPhoneSimulator
		{11A29E9D-C416-4FFB-9D89-7FBC70F8CE28}.Debug|iPhoneSimulator.Build.0 = Debug|iPhoneSimulator
		{11A29E9D-C416-4FFB-9D89-7FBC70F8CE28}.Debug|iPhoneSimulator.Deploy.0 = Debug|iPhoneSimulator
		{11A29E9D-C416-4FFB-9D89-7FBC70F8CE28}.Debug|x64.ActiveCfg = Debug|iPhone
		{11A29E9D-C416-4FFB-9D89-7FBC70F8CE28}.Debug|x64.Build.0 = Debug|iPhone
		{11A29E9D-C416-4FFB-9D89-7FBC70F8CE28}.Debug|x64.Deploy.0 = Debug|iPhone
		{11A29E9D-C416-4FFB-9D89-7FBC70F8CE28}.Debug|x86.ActiveCfg = Debug|iPhone
		{11A29E9D-C416-4FFB-9D89-7FBC70F8CE28}.Debug|x86.Build.0 = Debug|iPhone
		{11A29E9D-C416-4FFB-9D89-7FBC70F8CE28}.Debug|x86.Deploy.0 = Debug|iPhone
		{11A29E9D-C416-4FFB-9D89-7FBC70F8CE28}.Release|Any CPU.ActiveCfg = Release|iPhone
		{11A29E9D-C416-4FFB-9D89-7FBC70F8CE28}.Release|Any CPU.Build.0 = Release|iPhone
		{11A29E9D-C416-4FFB-9D89-7FBC70F8CE28}.Release|Any CPU.Deploy.0 = Release|iPhone
		{11A29E9D-C416-4FFB-9D89-7FBC70F8CE28}.Release|ARM.ActiveCfg = Release|iPhone
		{11A29E9D-C416-4FFB-9D89-7FBC70F8CE28}.Release|ARM.Build.0 = Release|iPhone
		{11A29E9D-C416-4FFB-9D89-7FBC70F8CE28}.Release|ARM.Deploy.0 = Release|iPhone
		{11A29E9D-C416-4FFB-9D89-7FBC70F8CE28}.Release|iPhone.ActiveCfg = Release|iPhone
		{11A29E9D-C416-4FFB-9D89-7FBC70F8CE28}.Release|iPhone.Build.0 = Release|iPhone
		{11A29E9D-C416-4FFB-9D89-7FBC70F8CE28}.Release|iPhone.Deploy.0 = Release|iPhone
		{11A29E9D-C416-4FFB-9D89-7FBC70F8CE28}.Release|iPhoneSimulator.ActiveCfg = Release|iPhoneSimulator
		{11A29E9D-C416-4FFB-9D89-7FBC70F8CE28}.Release|iPhoneSimulator.Build.0 = Release|iPhoneSimulator
		{11A29E9D-C416-4FFB-9D89-7FBC70F8CE28}.Release|iPhoneSimulator.Deploy.0 = Release|iPhoneSimulator
		{11A29E9D-C416-4FFB-9D89-7FBC70F8CE28}.Release|x64.ActiveCfg = Release|iPhone
		{11A29E9D-C416-4FFB-9D89-7FBC70F8CE28}.Release|x64.Build.0 = Release|iPhone
		{11A29E9D-C416-4FFB-9D89-7FBC70F8CE28}.Release|x64.Deploy.0 = Release|iPhone
		{11A29E9D-C416-4FFB-9D89-7FBC70F8CE28}.Release|x86.ActiveCfg = Release|iPhone
		{11A29E9D-C416-4FFB-9D89-7FBC70F8CE28}.Release|x86.Build.0 = Release|iPhone
		{11A29E9D-C416-4FFB-9D89-7FBC70F8CE28}.Release|x86.Deploy.0 = Release|iPhone
		{366D619A-8C1E-46FB-A126-FA4E881DDF97}.Debug|Any CPU.ActiveCfg = Debug|Any CPU
		{366D619A-8C1E-46FB-A126-FA4E881DDF97}.Debug|Any CPU.Build.0 = Debug|Any CPU
		{366D619A-8C1E-46FB-A126-FA4E881DDF97}.Debug|Any CPU.Deploy.0 = Debug|Any CPU
		{366D619A-8C1E-46FB-A126-FA4E881DDF97}.Debug|ARM.ActiveCfg = Debug|Any CPU
		{366D619A-8C1E-46FB-A126-FA4E881DDF97}.Debug|ARM.Build.0 = Debug|Any CPU
		{366D619A-8C1E-46FB-A126-FA4E881DDF97}.Debug|ARM.Deploy.0 = Debug|Any CPU
		{366D619A-8C1E-46FB-A126-FA4E881DDF97}.Debug|iPhone.ActiveCfg = Debug|Any CPU
		{366D619A-8C1E-46FB-A126-FA4E881DDF97}.Debug|iPhone.Build.0 = Debug|Any CPU
		{366D619A-8C1E-46FB-A126-FA4E881DDF97}.Debug|iPhone.Deploy.0 = Debug|Any CPU
		{366D619A-8C1E-46FB-A126-FA4E881DDF97}.Debug|iPhoneSimulator.ActiveCfg = Debug|Any CPU
		{366D619A-8C1E-46FB-A126-FA4E881DDF97}.Debug|iPhoneSimulator.Build.0 = Debug|Any CPU
		{366D619A-8C1E-46FB-A126-FA4E881DDF97}.Debug|iPhoneSimulator.Deploy.0 = Debug|Any CPU
		{366D619A-8C1E-46FB-A126-FA4E881DDF97}.Debug|x64.ActiveCfg = Debug|Any CPU
		{366D619A-8C1E-46FB-A126-FA4E881DDF97}.Debug|x64.Build.0 = Debug|Any CPU
		{366D619A-8C1E-46FB-A126-FA4E881DDF97}.Debug|x64.Deploy.0 = Debug|Any CPU
		{366D619A-8C1E-46FB-A126-FA4E881DDF97}.Debug|x86.ActiveCfg = Debug|Any CPU
		{366D619A-8C1E-46FB-A126-FA4E881DDF97}.Debug|x86.Build.0 = Debug|Any CPU
		{366D619A-8C1E-46FB-A126-FA4E881DDF97}.Debug|x86.Deploy.0 = Debug|Any CPU
		{366D619A-8C1E-46FB-A126-FA4E881DDF97}.Release|Any CPU.ActiveCfg = Release|Any CPU
		{366D619A-8C1E-46FB-A126-FA4E881DDF97}.Release|Any CPU.Build.0 = Release|Any CPU
		{366D619A-8C1E-46FB-A126-FA4E881DDF97}.Release|Any CPU.Deploy.0 = Release|Any CPU
		{366D619A-8C1E-46FB-A126-FA4E881DDF97}.Release|ARM.ActiveCfg = Release|Any CPU
		{366D619A-8C1E-46FB-A126-FA4E881DDF97}.Release|ARM.Build.0 = Release|Any CPU
		{366D619A-8C1E-46FB-A126-FA4E881DDF97}.Release|ARM.Deploy.0 = Release|Any CPU
		{366D619A-8C1E-46FB-A126-FA4E881DDF97}.Release|iPhone.ActiveCfg = Release|Any CPU
		{366D619A-8C1E-46FB-A126-FA4E881DDF97}.Release|iPhone.Build.0 = Release|Any CPU
		{366D619A-8C1E-46FB-A126-FA4E881DDF97}.Release|iPhone.Deploy.0 = Release|Any CPU
		{366D619A-8C1E-46FB-A126-FA4E881DDF97}.Release|iPhoneSimulator.ActiveCfg = Release|Any CPU
		{366D619A-8C1E-46FB-A126-FA4E881DDF97}.Release|iPhoneSimulator.Build.0 = Release|Any CPU
		{366D619A-8C1E-46FB-A126-FA4E881DDF97}.Release|iPhoneSimulator.Deploy.0 = Release|Any CPU
		{366D619A-8C1E-46FB-A126-FA4E881DDF97}.Release|x64.ActiveCfg = Release|Any CPU
		{366D619A-8C1E-46FB-A126-FA4E881DDF97}.Release|x64.Build.0 = Release|Any CPU
		{366D619A-8C1E-46FB-A126-FA4E881DDF97}.Release|x64.Deploy.0 = Release|Any CPU
		{366D619A-8C1E-46FB-A126-FA4E881DDF97}.Release|x86.ActiveCfg = Release|Any CPU
		{366D619A-8C1E-46FB-A126-FA4E881DDF97}.Release|x86.Build.0 = Release|Any CPU
		{366D619A-8C1E-46FB-A126-FA4E881DDF97}.Release|x86.Deploy.0 = Release|Any CPU
	EndGlobalSection
	GlobalSection(SolutionProperties) = preSolution
		HideSolutionNode = FALSE
	EndGlobalSection
	GlobalSection(ExtensibilityGlobals) = postSolution
		SolutionGuid = {76877C65-8775-40B9-AE8B-DC3D13E03839}
	EndGlobalSection
EndGlobal
